
Microsoft Visual Studio Solution File, Format Version 12.00
# Visual Studio Version 17
VisualStudioVersion = 17.5.33530.505
MinimumVisualStudioVersion = 10.0.40219.1
Project("{9A19103F-16F7-4668-BE54-9A1E7A4F7556}") = "CreativeMinds.PRHData.RestApi", "CreativeMinds.PRHData.RestApi\CreativeMinds.PRHData.RestApi.csproj", "{E1547CF5-BE2E-4F39-A677-7CB19AB582F7}"
EndProject
Project("{FAE04EC0-301F-11D3-BF4B-00C04F79EFBC}") = "TestApp", "TestApp\TestApp.csproj", "{FC4583F8-79CC-489A-A73B-970B80D0AB4B}"
EndProject
Project("{2150E333-8FDC-42A3-9474-1A3956D46DE8}") = "Workflows", "Workflows", "{47334847-7A5C-445E-90AC-CB1DBE15D142}"
	ProjectSection(SolutionItems) = preProject
		..\.github\workflows\Publish NuGet.yml = ..\.github\workflows\Publish NuGet.yml
	EndProjectSection
EndProject
Global
	GlobalSection(SolutionConfigurationPlatforms) = preSolution
		Debug|Any CPU = Debug|Any CPU
		Release|Any CPU = Release|Any CPU
	EndGlobalSection
	GlobalSection(ProjectConfigurationPlatforms) = postSolution
		{E1547CF5-BE2E-4F39-A677-7CB19AB582F7}.Debug|Any CPU.ActiveCfg = Debug|Any CPU
		{E1547CF5-BE2E-4F39-A677-7CB19AB582F7}.Debug|Any CPU.Build.0 = Debug|Any CPU
		{E1547CF5-BE2E-4F39-A677-7CB19AB582F7}.Release|Any CPU.ActiveCfg = Release|Any CPU
		{E1547CF5-BE2E-4F39-A677-7CB19AB582F7}.Release|Any CPU.Build.0 = Release|Any CPU
		{FC4583F8-79CC-489A-A73B-970B80D0AB4B}.Debug|Any CPU.ActiveCfg = Debug|Any CPU
		{FC4583F8-79CC-489A-A73B-970B80D0AB4B}.Debug|Any CPU.Build.0 = Debug|Any CPU
		{FC4583F8-79CC-489A-A73B-970B80D0AB4B}.Release|Any CPU.ActiveCfg = Release|Any CPU
		{FC4583F8-79CC-489A-A73B-970B80D0AB4B}.Release|Any CPU.Build.0 = Release|Any CPU
	EndGlobalSection
	GlobalSection(SolutionProperties) = preSolution
		HideSolutionNode = FALSE
	EndGlobalSection
	GlobalSection(ExtensibilityGlobals) = postSolution
		SolutionGuid = {300A85C4-35A7-4D08-8D10-EDCC95E9B733}
	EndGlobalSection
EndGlobal
